// !$*UTF8*$!
{
	archiveVersion = 1;
	classes = {
	};
	objectVersion = 48;
	objects = {

/* Begin PBXBuildFile section */
		34BB92CF2024480E00956A18 /* AppDelegate.swift in Sources */ = {isa = PBXBuildFile; fileRef = 34BB92CE2024480E00956A18 /* AppDelegate.swift */; };
		34BB92D12024480E00956A18 /* ViewController.swift in Sources */ = {isa = PBXBuildFile; fileRef = 34BB92D02024480E00956A18 /* ViewController.swift */; };
		34BB92D42024480E00956A18 /* Main.storyboard in Resources */ = {isa = PBXBuildFile; fileRef = 34BB92D22024480E00956A18 /* Main.storyboard */; };
		34BB92D62024480E00956A18 /* Assets.xcassets in Resources */ = {isa = PBXBuildFile; fileRef = 34BB92D52024480E00956A18 /* Assets.xcassets */; };
		34BB92D92024480E00956A18 /* LaunchScreen.storyboard in Resources */ = {isa = PBXBuildFile; fileRef = 34BB92D72024480E00956A18 /* LaunchScreen.storyboard */; };
		34BB92E42024480E00956A18 /* testDemoTests.swift in Sources */ = {isa = PBXBuildFile; fileRef = 34BB92E32024480E00956A18 /* testDemoTests.swift */; };
		34BB92EF2024480F00956A18 /* testDemoUITests.swift in Sources */ = {isa = PBXBuildFile; fileRef = 34BB92EE2024480F00956A18 /* testDemoUITests.swift */; };
/* End PBXBuildFile section */

/* Begin PBXContainerItemProxy section */
		34BB92E02024480E00956A18 /* PBXContainerItemProxy */ = {
			isa = PBXContainerItemProxy;
			containerPortal = 34BB92C32024480E00956A18 /* Project object */;
			proxyType = 1;
			remoteGlobalIDString = 34BB92CA2024480E00956A18;
			remoteInfo = testDemo;
		};
		34BB92EB2024480E00956A18 /* PBXContainerItemProxy */ = {
			isa = PBXContainerItemProxy;
			containerPortal = 34BB92C32024480E00956A18 /* Project object */;
			proxyType = 1;
			remoteGlobalIDString = 34BB92CA2024480E00956A18;
			remoteInfo = testDemo;
		};
/* End PBXContainerItemProxy section */

/* Begin PBXFileReference section */
		34BB92CB2024480E00956A18 /* testDemo.app */ = {isa = PBXFileReference; explicitFileType = wrapper.application; includeInIndex = 0; path = testDemo.app; sourceTree = BUILT_PRODUCTS_DIR; };
		34BB92CE2024480E00956A18 /* AppDelegate.swift */ = {isa = PBXFileReference; lastKnownFileType = sourcecode.swift; path = AppDelegate.swift; sourceTree = "<group>"; };
		34BB92D02024480E00956A18 /* ViewController.swift */ = {isa = PBXFileReference; lastKnownFileType = sourcecode.swift; path = ViewController.swift; sourceTree = "<group>"; };
		34BB92D32024480E00956A18 /* Base */ = {isa = PBXFileReference; lastKnownFileType = file.storyboard; name = Base; path = Base.lproj/Main.storyboard; sourceTree = "<group>"; };
		34BB92D52024480E00956A18 /* Assets.xcassets */ = {isa = PBXFileReference; lastKnownFileType = folder.assetcatalog; path = Assets.xcassets; sourceTree = "<group>"; };
		34BB92D82024480E00956A18 /* Base */ = {isa = PBXFileReference; lastKnownFileType = file.storyboard; name = Base; path = Base.lproj/LaunchScreen.storyboard; sourceTree = "<group>"; };
		34BB92DA2024480E00956A18 /* Info.plist */ = {isa = PBXFileReference; lastKnownFileType = text.plist.xml; path = Info.plist; sourceTree = "<group>"; };
		34BB92DF2024480E00956A18 /* testDemoTests.xctest */ = {isa = PBXFileReference; explicitFileType = wrapper.cfbundle; includeInIndex = 0; path = testDemoTests.xctest; sourceTree = BUILT_PRODUCTS_DIR; };
		34BB92E32024480E00956A18 /* testDemoTests.swift */ = {isa = PBXFileReference; lastKnownFileType = sourcecode.swift; path = testDemoTests.swift; sourceTree = "<group>"; };
		34BB92E52024480E00956A18 /* Info.plist */ = {isa = PBXFileReference; lastKnownFileType = text.plist.xml; path = Info.plist; sourceTree = "<group>"; };
		34BB92EA2024480E00956A18 /* testDemoUITests.xctest */ = {isa = PBXFileReference; explicitFileType = wrapper.cfbundle; includeInIndex = 0; path = testDemoUITests.xctest; sourceTree = BUILT_PRODUCTS_DIR; };
		34BB92EE2024480F00956A18 /* testDemoUITests.swift */ = {isa = PBXFileReference; lastKnownFileType = sourcecode.swift; path = testDemoUITests.swift; sourceTree = "<group>"; };
		34BB92F02024480F00956A18 /* Info.plist */ = {isa = PBXFileReference; lastKnownFileType = text.plist.xml; path = Info.plist; sourceTree = "<group>"; };
/* End PBXFileReference section */

/* Begin PBXFrameworksBuildPhase section */
		34BB92C82024480E00956A18 /* Frameworks */ = {
			isa = PBXFrameworksBuildPhase;
			buildActionMask = 2147483647;
			files = (
			);
			runOnlyForDeploymentPostprocessing = 0;
		};
		34BB92DC2024480E00956A18 /* Frameworks */ = {
			isa = PBXFrameworksBuildPhase;
			buildActionMask = 2147483647;
			files = (
			);
			runOnlyForDeploymentPostprocessing = 0;
		};
		34BB92E72024480E00956A18 /* Frameworks */ = {
			isa = PBXFrameworksBuildPhase;
			buildActionMask = 2147483647;
			files = (
			);
			runOnlyForDeploymentPostprocessing = 0;
		};
/* End PBXFrameworksBuildPhase section */

/* Begin PBXGroup section */
		34BB92C22024480E00956A18 = {
			isa = PBXGroup;
			children = (
				34BB92CD2024480E00956A18 /* testDemo */,
				34BB92E22024480E00956A18 /* testDemoTests */,
				34BB92ED2024480E00956A18 /* testDemoUITests */,
				34BB92CC2024480E00956A18 /* Products */,
			);
			sourceTree = "<group>";
		};
		34BB92CC2024480E00956A18 /* Products */ = {
			isa = PBXGroup;
			children = (
				34BB92CB2024480E00956A18 /* testDemo.app */,
				34BB92DF2024480E00956A18 /* testDemoTests.xctest */,
				34BB92EA2024480E00956A18 /* testDemoUITests.xctest */,
			);
			name = Products;
			sourceTree = "<group>";
		};
		34BB92CD2024480E00956A18 /* testDemo */ = {
			isa = PBXGroup;
			children = (
				34BB92CE2024480E00956A18 /* AppDelegate.swift */,
				34BB92D02024480E00956A18 /* ViewController.swift */,
				34BB92D22024480E00956A18 /* Main.storyboard */,
				34BB92D52024480E00956A18 /* Assets.xcassets */,
				34BB92D72024480E00956A18 /* LaunchScreen.storyboard */,
				34BB92DA2024480E00956A18 /* Info.plist */,
			);
			path = testDemo;
			sourceTree = "<group>";
		};
		34BB92E22024480E00956A18 /* testDemoTests */ = {
			isa = PBXGroup;
			children = (
				34BB92E32024480E00956A18 /* testDemoTests.swift */,
				34BB92E52024480E00956A18 /* Info.plist */,
			);
			path = testDemoTests;
			sourceTree = "<group>";
		};
		34BB92ED2024480E00956A18 /* testDemoUITests */ = {
			isa = PBXGroup;
			children = (
				34BB92EE2024480F00956A18 /* testDemoUITests.swift */,
				34BB92F02024480F00956A18 /* Info.plist */,
			);
			path = testDemoUITests;
			sourceTree = "<group>";
		};
/* End PBXGroup section */

/* Begin PBXNativeTarget section */
		34BB92CA2024480E00956A18 /* testDemo */ = {
			isa = PBXNativeTarget;
			buildConfigurationList = 34BB92F32024480F00956A18 /* Build configuration list for PBXNativeTarget "testDemo" */;
			buildPhases = (
				34BB92C72024480E00956A18 /* Sources */,
				34BB92C82024480E00956A18 /* Frameworks */,
				34BB92C92024480E00956A18 /* Resources */,
			);
			buildRules = (
			);
			dependencies = (
			);
			name = testDemo;
			productName = testDemo;
			productReference = 34BB92CB2024480E00956A18 /* testDemo.app */;
			productType = "com.apple.product-type.application";
		};
		34BB92DE2024480E00956A18 /* testDemoTests */ = {
			isa = PBXNativeTarget;
			buildConfigurationList = 34BB92F62024480F00956A18 /* Build configuration list for PBXNativeTarget "testDemoTests" */;
			buildPhases = (
				34BB92DB2024480E00956A18 /* Sources */,
				34BB92DC2024480E00956A18 /* Frameworks */,
				34BB92DD2024480E00956A18 /* Resources */,
			);
			buildRules = (
			);
			dependencies = (
				34BB92E12024480E00956A18 /* PBXTargetDependency */,
			);
			name = testDemoTests;
			productName = testDemoTests;
			productReference = 34BB92DF2024480E00956A18 /* testDemoTests.xctest */;
			productType = "com.apple.product-type.bundle.unit-test";
		};
		34BB92E92024480E00956A18 /* testDemoUITests */ = {
			isa = PBXNativeTarget;
			buildConfigurationList = 34BB92F92024480F00956A18 /* Build configuration list for PBXNativeTarget "testDemoUITests" */;
			buildPhases = (
				34BB92E62024480E00956A18 /* Sources */,
				34BB92E72024480E00956A18 /* Frameworks */,
				34BB92E82024480E00956A18 /* Resources */,
			);
			buildRules = (
			);
			dependencies = (
				34BB92EC2024480E00956A18 /* PBXTargetDependency */,
			);
			name = testDemoUITests;
			productName = testDemoUITests;
			productReference = 34BB92EA2024480E00956A18 /* testDemoUITests.xctest */;
			productType = "com.apple.product-type.bundle.ui-testing";
		};
/* End PBXNativeTarget section */

/* Begin PBXProject section */
		34BB92C32024480E00956A18 /* Project object */ = {
			isa = PBXProject;
			attributes = {
				LastSwiftUpdateCheck = 0920;
				LastUpgradeCheck = 0920;
				ORGANIZATIONNAME = "高诚";
				TargetAttributes = {
					34BB92CA2024480E00956A18 = {
						CreatedOnToolsVersion = 9.2;
						ProvisioningStyle = Automatic;
					};
					34BB92DE2024480E00956A18 = {
						CreatedOnToolsVersion = 9.2;
						ProvisioningStyle = Automatic;
						TestTargetID = 34BB92CA2024480E00956A18;
					};
					34BB92E92024480E00956A18 = {
						CreatedOnToolsVersion = 9.2;
						ProvisioningStyle = Automatic;
						TestTargetID = 34BB92CA2024480E00956A18;
					};
				};
			};
			buildConfigurationList = 34BB92C62024480E00956A18 /* Build configuration list for PBXProject "testDemo" */;
			compatibilityVersion = "Xcode 8.0";
			developmentRegion = en;
			hasScannedForEncodings = 0;
			knownRegions = (
				en,
				Base,
			);
			mainGroup = 34BB92C22024480E00956A18;
			productRefGroup = 34BB92CC2024480E00956A18 /* Products */;
			projectDirPath = "";
			projectRoot = "";
			targets = (
				34BB92CA2024480E00956A18 /* testDemo */,
				34BB92DE2024480E00956A18 /* testDemoTests */,
				34BB92E92024480E00956A18 /* testDemoUITests */,
			);
		};
/* End PBXProject section */

/* Begin PBXResourcesBuildPhase section */
		34BB92C92024480E00956A18 /* Resources */ = {
			isa = PBXResourcesBuildPhase;
			buildActionMask = 2147483647;
			files = (
				34BB92D92024480E00956A18 /* LaunchScreen.storyboard in Resources */,
				34BB92D62024480E00956A18 /* Assets.xcassets in Resources */,
				34BB92D42024480E00956A18 /* Main.storyboard in Resources */,
			);
			runOnlyForDeploymentPostprocessing = 0;
		};
		34BB92DD2024480E00956A18 /* Resources */ = {
			isa = PBXResourcesBuildPhase;
			buildActionMask = 2147483647;
			files = (
			);
			runOnlyForDeploymentPostprocessing = 0;
		};
		34BB92E82024480E00956A18 /* Resources */ = {
			isa = PBXResourcesBuildPhase;
			buildActionMask = 2147483647;
			files = (
			);
			runOnlyForDeploymentPostprocessing = 0;
		};
/* End PBXResourcesBuildPhase section */

/* Begin PBXSourcesBuildPhase section */
		34BB92C72024480E00956A18 /* Sources */ = {
			isa = PBXSourcesBuildPhase;
			buildActionMask = 2147483647;
			files = (
				34BB92D12024480E00956A18 /* ViewController.swift in Sources */,
				34BB92CF2024480E00956A18 /* AppDelegate.swift in Sources */,
			);
			runOnlyForDeploymentPostprocessing = 0;
		};
		34BB92DB2024480E00956A18 /* Sources */ = {
			isa = PBXSourcesBuildPhase;
			buildActionMask = 2147483647;
			files = (
				34BB92E42024480E00956A18 /* testDemoTests.swift in Sources */,
			);
			runOnlyForDeploymentPostprocessing = 0;
		};
		34BB92E62024480E00956A18 /* Sources */ = {
			isa = PBXSourcesBuildPhase;
			buildActionMask = 2147483647;
			files = (
				34BB92EF2024480F00956A18 /* testDemoUITests.swift in Sources */,
			);
			runOnlyForDeploymentPostprocessing = 0;
		};
/* End PBXSourcesBuildPhase section */

/* Begin PBXTargetDependency section */
		34BB92E12024480E00956A18 /* PBXTargetDependency */ = {
			isa = PBXTargetDependency;
			target = 34BB92CA2024480E00956A18 /* testDemo */;
			targetProxy = 34BB92E02024480E00956A18 /* PBXContainerItemProxy */;
		};
		34BB92EC2024480E00956A18 /* PBXTargetDependency */ = {
			isa = PBXTargetDependency;
			target = 34BB92CA2024480E00956A18 /* testDemo */;
			targetProxy = 34BB92EB2024480E00956A18 /* PBXContainerItemProxy */;
		};
/* End PBXTargetDependency section */

/* Begin PBXVariantGroup section */
		34BB92D22024480E00956A18 /* Main.storyboard */ = {
			isa = PBXVariantGroup;
			children = (
				34BB92D32024480E00956A18 /* Base */,
			);
			name = Main.storyboard;
			sourceTree = "<group>";
		};
		34BB92D72024480E00956A18 /* LaunchScreen.storyboard */ = {
			isa = PBXVariantGroup;
			children = (
				34BB92D82024480E00956A18 /* Base */,
			);
			name = LaunchScreen.storyboard;
			sourceTree = "<group>";
		};
/* End PBXVariantGroup section */

/* Begin XCBuildConfiguration section */
		34BB92F12024480F00956A18 /* Debug */ = {
			isa = XCBuildConfiguration;
			buildSettings = {
				ALWAYS_SEARCH_USER_PATHS = NO;
				CLANG_ANALYZER_NONNULL = YES;
				CLANG_ANALYZER_NUMBER_OBJECT_CONVERSION = YES_AGGRESSIVE;
				CLANG_CXX_LANGUAGE_STANDARD = "gnu++14";
				CLANG_CXX_LIBRARY = "libc++";
				CLANG_ENABLE_MODULES = YES;
				CLANG_ENABLE_OBJC_ARC = YES;
				CLANG_WARN_BLOCK_CAPTURE_AUTORELEASING = YES;
				CLANG_WARN_BOOL_CONVERSION = YES;
				CLANG_WARN_COMMA = YES;
				CLANG_WARN_CONSTANT_CONVERSION = YES;
				CLANG_WARN_DIRECT_OBJC_ISA_USAGE = YES_ERROR;
				CLANG_WARN_DOCUMENTATION_COMMENTS = YES;
				CLANG_WARN_EMPTY_BODY = YES;
				CLANG_WARN_ENUM_CONVERSION = YES;
				CLANG_WARN_INFINITE_RECURSION = YES;
				CLANG_WARN_INT_CONVERSION = YES;
				CLANG_WARN_NON_LITERAL_NULL_CONVERSION = YES;
				CLANG_WARN_OBJC_LITERAL_CONVERSION = YES;
				CLANG_WARN_OBJC_ROOT_CLASS = YES_ERROR;
				CLANG_WARN_RANGE_LOOP_ANALYSIS = YES;
				CLANG_WARN_STRICT_PROTOTYPES = YES;
				CLANG_WARN_SUSPICIOUS_MOVE = YES;
				CLANG_WARN_UNGUARDED_AVAILABILITY = YES_AGGRESSIVE;
				CLANG_WARN_UNREACHABLE_CODE = YES;
				CLANG_WARN__DUPLICATE_METHOD_MATCH = YES;
				CODE_SIGN_IDENTITY = "iPhone Developer";
				COPY_PHASE_STRIP = NO;
				DEBUG_INFORMATION_FORMAT = dwarf;
				ENABLE_STRICT_OBJC_MSGSEND = YES;
				ENABLE_TESTABILITY = YES;
				GCC_C_LANGUAGE_STANDARD = gnu11;
				GCC_DYNAMIC_NO_PIC = NO;
				GCC_NO_COMMON_BLOCKS = YES;
				GCC_OPTIMIZATION_LEVEL = 0;
				GCC_PREPROCESSOR_DEFINITIONS = (
					"DEBUG=1",
					"$(inherited)",
				);
				GCC_WARN_64_TO_32_BIT_CONVERSION = YES;
				GCC_WARN_ABOUT_RETURN_TYPE = YES_ERROR;
				GCC_WARN_UNDECLARED_SELECTOR = YES;
				GCC_WARN_UNINITIALIZED_AUTOS = YES_AGGRESSIVE;
				GCC_WARN_UNUSED_FUNCTION = YES;
				GCC_WARN_UNUSED_VARIABLE = YES;
				IPHONEOS_DEPLOYMENT_TARGET = 11.2;
				MTL_ENABLE_DEBUG_INFO = YES;
				ONLY_ACTIVE_ARCH = YES;
				SDKROOT = iphoneos;
				SWIFT_ACTIVE_COMPILATION_CONDITIONS = DEBUG;
				SWIFT_OPTIMIZATION_LEVEL = "-Onone";
			};
			name = Debug;
		};
		34BB92F22024480F00956A18 /* Release */ = {
			isa = XCBuildConfiguration;
			buildSettings = {
				ALWAYS_SEARCH_USER_PATHS = NO;
				CLANG_ANALYZER_NONNULL = YES;
				CLANG_ANALYZER_NUMBER_OBJECT_CONVERSION = YES_AGGRESSIVE;
				CLANG_CXX_LANGUAGE_STANDARD = "gnu++14";
				CLANG_CXX_LIBRARY = "libc++";
				CLANG_ENABLE_MODULES = YES;
				CLANG_ENABLE_OBJC_ARC = YES;
				CLANG_WARN_BLOCK_CAPTURE_AUTORELEASING = YES;
				CLANG_WARN_BOOL_CONVERSION = YES;
				CLANG_WARN_COMMA = YES;
				CLANG_WARN_CONSTANT_CONVERSION = YES;
				CLANG_WARN_DIRECT_OBJC_ISA_USAGE = YES_ERROR;
				CLANG_WARN_DOCUMENTATION_COMMENTS = YES;
				CLANG_WARN_EMPTY_BODY = YES;
				CLANG_WARN_ENUM_CONVERSION = YES;
				CLANG_WARN_INFINITE_RECURSION = YES;
				CLANG_WARN_INT_CONVERSION = YES;
				CLANG_WARN_NON_LITERAL_NULL_CONVERSION = YES;
				CLANG_WARN_OBJC_LITERAL_CONVERSION = YES;
				CLANG_WARN_OBJC_ROOT_CLASS = YES_ERROR;
				CLANG_WARN_RANGE_LOOP_ANALYSIS = YES;
				CLANG_WARN_STRICT_PROTOTYPES = YES;
				CLANG_WARN_SUSPICIOUS_MOVE = YES;
				CLANG_WARN_UNGUARDED_AVAILABILITY = YES_AGGRESSIVE;
				CLANG_WARN_UNREACHABLE_CODE = YES;
				CLANG_WARN__DUPLICATE_METHOD_MATCH = YES;
				CODE_SIGN_IDENTITY = "iPhone Developer";
				COPY_PHASE_STRIP = NO;
				DEBUG_INFORMATION_FORMAT = "dwarf-with-dsym";
				ENABLE_NS_ASSERTIONS = NO;
				ENABLE_STRICT_OBJC_MSGSEND = YES;
				GCC_C_LANGUAGE_STANDARD = gnu11;
				GCC_NO_COMMON_BLOCKS = YES;
				GCC_WARN_64_TO_32_BIT_CONVERSION = YES;
				GCC_WARN_ABOUT_RETURN_TYPE = YES_ERROR;
				GCC_WARN_UNDECLARED_SELECTOR = YES;
				GCC_WARN_UNINITIALIZED_AUTOS = YES_AGGRESSIVE;
				GCC_WARN_UNUSED_FUNCTION = YES;
				GCC_WARN_UNUSED_VARIABLE = YES;
				IPHONEOS_DEPLOYMENT_TARGET = 11.2;
				MTL_ENABLE_DEBUG_INFO = NO;
				SDKROOT = iphoneos;
				SWIFT_OPTIMIZATION_LEVEL = "-Owholemodule";
				VALIDATE_PRODUCT = YES;
			};
			name = Release;
		};
		34BB92F42024480F00956A18 /* Debug */ = {
			isa = XCBuildConfiguration;
			buildSettings = {
				ASSETCATALOG_COMPILER_APPICON_NAME = AppIcon;
				CODE_SIGN_STYLE = Automatic;
				INFOPLIST_FILE = testDemo/Info.plist;
				LD_RUNPATH_SEARCH_PATHS = "$(inherited) @executable_path/Frameworks";
				PRODUCT_BUNDLE_IDENTIFIER = com.cn.yuyue.etens.testDemo;
				PRODUCT_NAME = "$(TARGET_NAME)";
				SWIFT_VERSION = 4.0;
				TARGETED_DEVICE_FAMILY = "1,2";
			};
			name = Debug;
		};
		34BB92F52024480F00956A18 /* Release */ = {
			isa = XCBuildConfiguration;
			buildSettings = {
				ASSETCATALOG_COMPILER_APPICON_NAME = AppIcon;
				CODE_SIGN_STYLE = Automatic;
				INFOPLIST_FILE = testDemo/Info.plist;
				LD_RUNPATH_SEARCH_PATHS = "$(inherited) @executable_path/Frameworks";
				PRODUCT_BUNDLE_IDENTIFIER = com.cn.yuyue.etens.testDemo;
				PRODUCT_NAME = "$(TARGET_NAME)";
				SWIFT_VERSION = 4.0;
				TARGETED_DEVICE_FAMILY = "1,2";
			};
			name = Release;
		};
		34BB92F72024480F00956A18 /* Debug */ = {
			isa = XCBuildConfiguration;
			buildSettings = {
				ALWAYS_EMBED_SWIFT_STANDARD_LIBRARIES = YES;
				BUNDLE_LOADER = "$(TEST_HOST)";
				CODE_SIGN_STYLE = Automatic;
				INFOPLIST_FILE = testDemoTests/Info.plist;
				LD_RUNPATH_SEARCH_PATHS = "$(inherited) @executable_path/Frameworks @loader_path/Frameworks";
				PRODUCT_BUNDLE_IDENTIFIER = com.cn.yuyue.etens.testDemoTests;
				PRODUCT_NAME = "$(TARGET_NAME)";
				SWIFT_VERSION = 4.0;
				TARGETED_DEVICE_FAMILY = "1,2";
				TEST_HOST = "$(BUILT_PRODUCTS_DIR)/testDemo.app/testDemo";
			};
			name = Debug;
		};
		34BB92F82024480F00956A18 /* Release */ = {
			isa = XCBuildConfiguration;
			buildSettings = {
				ALWAYS_EMBED_SWIFT_STANDARD_LIBRARIES = YES;
				BUNDLE_LOADER = "$(TEST_HOST)";
				CODE_SIGN_STYLE = Automatic;
				INFOPLIST_FILE = testDemoTests/Info.plist;
				LD_RUNPATH_SEARCH_PATHS = "$(inherited) @executable_path/Frameworks @loader_path/Frameworks";
				PRODUCT_BUNDLE_IDENTIFIER = com.cn.yuyue.etens.testDemoTests;
				PRODUCT_NAME = "$(TARGET_NAME)";
				SWIFT_VERSION = 4.0;
				TARGETED_DEVICE_FAMILY = "1,2";
				TEST_HOST = "$(BUILT_PRODUCTS_DIR)/testDemo.app/testDemo";
			};
			name = Release;
		};
		34BB92FA2024480F00956A18 /* Debug */ = {
			isa = XCBuildConfiguration;
			buildSettings = {
				ALWAYS_EMBED_SWIFT_STANDARD_LIBRARIES = YES;
				CODE_SIGN_STYLE = Automatic;
				INFOPLIST_FILE = testDemoUITests/Info.plist;
				LD_RUNPATH_SEARCH_PATHS = "$(inherited) @executable_path/Frameworks @loader_path/Frameworks";
				PRODUCT_BUNDLE_IDENTIFIER = com.cn.yuyue.etens.testDemoUITests;
				PRODUCT_NAME = "$(TARGET_NAME)";
				SWIFT_VERSION = 4.0;
				TARGETED_DEVICE_FAMILY = "1,2";
				TEST_TARGET_NAME = testDemo;
			};
			name = Debug;
		};
		34BB92FB2024480F00956A18 /* Release */ = {
			isa = XCBuildConfiguration;
			buildSettings = {
				ALWAYS_EMBED_SWIFT_STANDARD_LIBRARIES = YES;
				CODE_SIGN_STYLE = Automatic;
				INFOPLIST_FILE = testDemoUITests/Info.plist;
				LD_RUNPATH_SEARCH_PATHS = "$(inherited) @executable_path/Frameworks @loader_path/Frameworks";
				PRODUCT_BUNDLE_IDENTIFIER = com.cn.yuyue.etens.testDemoUITests;
				PRODUCT_NAME = "$(TARGET_NAME)";
				SWIFT_VERSION = 4.0;
				TARGETED_DEVICE_FAMILY = "1,2";
				TEST_TARGET_NAME = testDemo;
			};
			name = Release;
		};
/* End XCBuildConfiguration section */

/* Begin XCConfigurationList section */
		34BB92C62024480E00956A18 /* Build configuration list for PBXProject "testDemo" */ = {
			isa = XCConfigurationList;
			buildConfigurations = (
				34BB92F12024480F00956A18 /* Debug */,
				34BB92F22024480F00956A18 /* Release */,
			);
			defaultConfigurationIsVisible = 0;
			defaultConfigurationName = Release;
		};
		34BB92F32024480F00956A18 /* Build configuration list for PBXNativeTarget "testDemo" */ = {
			isa = XCConfigurationList;
			buildConfigurations = (
				34BB92F42024480F00956A18 /* Debug */,
				34BB92F52024480F00956A18 /* Release */,
			);
			defaultConfigurationIsVisible = 0;
			defaultConfigurationName = Release;
		};
		34BB92F62024480F00956A18 /* Build configuration list for PBXNativeTarget "testDemoTests" */ = {
			isa = XCConfigurationList;
			buildConfigurations = (
				34BB92F72024480F00956A18 /* Debug */,
				34BB92F82024480F00956A18 /* Release */,
			);
			defaultConfigurationIsVisible = 0;
			defaultConfigurationName = Release;
		};
		34BB92F92024480F00956A18 /* Build configuration list for PBXNativeTarget "testDemoUITests" */ = {
			isa = XCConfigurationList;
			buildConfigurations = (
				34BB92FA2024480F00956A18 /* Debug */,
				34BB92FB2024480F00956A18 /* Release */,
			);
			defaultConfigurationIsVisible = 0;
			defaultConfigurationName = Release;
		};
/* End XCConfigurationList section */
	};
	rootObject = 34BB92C32024480E00956A18 /* Project object */;
}
