// !$*UTF8*$!
{
	archiveVersion = 1;
	classes = {
	};
	objectVersion = 48;
	objects = {

/* Begin PBXBuildFile section */
		343DB134202D77CC0072A854 /* WebViewJavascriptBridgeBase.m in Sources */ = {isa = PBXBuildFile; fileRef = 343DB120202D77CC0072A854 /* WebViewJavascriptBridgeBase.m */; };
		343DB135202D77CC0072A854 /* WKWebViewJavascriptBridge.m in Sources */ = {isa = PBXBuildFile; fileRef = 343DB121202D77CC0072A854 /* WKWebViewJavascriptBridge.m */; };
		343DB136202D77CC0072A854 /* WebViewJavascriptBridge.m in Sources */ = {isa = PBXBuildFile; fileRef = 343DB122202D77CC0072A854 /* WebViewJavascriptBridge.m */; };
		343DB137202D77CC0072A854 /* WebViewJavascriptBridge_JS.m in Sources */ = {isa = PBXBuildFile; fileRef = 343DB125202D77CC0072A854 /* WebViewJavascriptBridge_JS.m */; };
		343DB139202D77CC0072A854 /* jssdk.js in Resources */ = {isa = PBXBuildFile; fileRef = 343DB129202D77CC0072A854 /* jssdk.js */; };
		343DB13A202D77CC0072A854 /* NewWebViewViewController.swift in Sources */ = {isa = PBXBuildFile; fileRef = 343DB12A202D77CC0072A854 /* NewWebViewViewController.swift */; };
		343DB13B202D77CC0072A854 /* test.html in Resources */ = {isa = PBXBuildFile; fileRef = 343DB12B202D77CC0072A854 /* test.html */; };
		343DB13C202D77CC0072A854 /* style.css in Resources */ = {isa = PBXBuildFile; fileRef = 343DB12C202D77CC0072A854 /* style.css */; };
		343DB13D202D77CC0072A854 /* MyWebView.swift in Sources */ = {isa = PBXBuildFile; fileRef = 343DB12D202D77CC0072A854 /* MyWebView.swift */; };
		343DB13E202D77CC0072A854 /* error.html in Resources */ = {isa = PBXBuildFile; fileRef = 343DB12E202D77CC0072A854 /* error.html */; };
		343DB13F202D77CC0072A854 /* ScanView.swift in Sources */ = {isa = PBXBuildFile; fileRef = 343DB130202D77CC0072A854 /* ScanView.swift */; };
		343DB140202D77CC0072A854 /* ScannerBackgroundView.swift in Sources */ = {isa = PBXBuildFile; fileRef = 343DB131202D77CC0072A854 /* ScannerBackgroundView.swift */; };
		343DB141202D77CC0072A854 /* ScannerViewController.swift in Sources */ = {isa = PBXBuildFile; fileRef = 343DB132202D77CC0072A854 /* ScannerViewController.swift */; };
		343DB144202D79570072A854 /* BaseViewController.swift in Sources */ = {isa = PBXBuildFile; fileRef = 343DB142202D79560072A854 /* BaseViewController.swift */; };
		343DB145202D79570072A854 /* BaseWebViewController.swift in Sources */ = {isa = PBXBuildFile; fileRef = 343DB143202D79570072A854 /* BaseWebViewController.swift */; };
		343DB147202D79A20072A854 /* DefineValue.swift in Sources */ = {isa = PBXBuildFile; fileRef = 343DB146202D79A20072A854 /* DefineValue.swift */; };
		343DB149202D79E20072A854 /* GetCurrentVC.swift in Sources */ = {isa = PBXBuildFile; fileRef = 343DB148202D79E20072A854 /* GetCurrentVC.swift */; };
		343DB14B202D7A060072A854 /* MyHttpsRequest.swift in Sources */ = {isa = PBXBuildFile; fileRef = 343DB14A202D7A050072A854 /* MyHttpsRequest.swift */; };
		345855F3202D82B5003E9AFC /* Alamofire.framework in Frameworks */ = {isa = PBXBuildFile; fileRef = 345855F4202D82B5003E9AFC /* Alamofire.framework */; settings = {ATTRIBUTES = (Required, ); }; };
		34BB92CF2024480E00956A18 /* AppDelegate.swift in Sources */ = {isa = PBXBuildFile; fileRef = 34BB92CE2024480E00956A18 /* AppDelegate.swift */; };
		34BB92D12024480E00956A18 /* ViewController.swift in Sources */ = {isa = PBXBuildFile; fileRef = 34BB92D02024480E00956A18 /* ViewController.swift */; };
		34BB92D62024480E00956A18 /* Assets.xcassets in Resources */ = {isa = PBXBuildFile; fileRef = 34BB92D52024480E00956A18 /* Assets.xcassets */; };
		34BB92D92024480E00956A18 /* LaunchScreen.storyboard in Resources */ = {isa = PBXBuildFile; fileRef = 34BB92D72024480E00956A18 /* LaunchScreen.storyboard */; };
		34BB92E42024480E00956A18 /* testDemoTests.swift in Sources */ = {isa = PBXBuildFile; fileRef = 34BB92E32024480E00956A18 /* testDemoTests.swift */; };
		34BB92EF2024480F00956A18 /* testDemoUITests.swift in Sources */ = {isa = PBXBuildFile; fileRef = 34BB92EE2024480F00956A18 /* testDemoUITests.swift */; };
		A44E6FBA924BC829097DEF8F /* Pods_testDemo.framework in Frameworks */ = {isa = PBXBuildFile; fileRef = DDA581CA01261296B36E54C0 /* Pods_testDemo.framework */; settings = {ATTRIBUTES = (Required, ); }; };
/* End PBXBuildFile section */

/* Begin PBXContainerItemProxy section */
		34BB92E02024480E00956A18 /* PBXContainerItemProxy */ = {
			isa = PBXContainerItemProxy;
			containerPortal = 34BB92C32024480E00956A18 /* Project object */;
			proxyType = 1;
			remoteGlobalIDString = 34BB92CA2024480E00956A18;
			remoteInfo = testDemo;
		};
		34BB92EB2024480E00956A18 /* PBXContainerItemProxy */ = {
			isa = PBXContainerItemProxy;
			containerPortal = 34BB92C32024480E00956A18 /* Project object */;
			proxyType = 1;
			remoteGlobalIDString = 34BB92CA2024480E00956A18;
			remoteInfo = testDemo;
		};
/* End PBXContainerItemProxy section */

/* Begin PBXFileReference section */
		343DB120202D77CC0072A854 /* WebViewJavascriptBridgeBase.m */ = {isa = PBXFileReference; fileEncoding = 4; lastKnownFileType = sourcecode.c.objc; path = WebViewJavascriptBridgeBase.m; sourceTree = "<group>"; };
		343DB121202D77CC0072A854 /* WKWebViewJavascriptBridge.m */ = {isa = PBXFileReference; fileEncoding = 4; lastKnownFileType = sourcecode.c.objc; path = WKWebViewJavascriptBridge.m; sourceTree = "<group>"; };
		343DB122202D77CC0072A854 /* WebViewJavascriptBridge.m */ = {isa = PBXFileReference; fileEncoding = 4; lastKnownFileType = sourcecode.c.objc; path = WebViewJavascriptBridge.m; sourceTree = "<group>"; };
		343DB123202D77CC0072A854 /* WebViewJavascriptBridge_JS.h */ = {isa = PBXFileReference; fileEncoding = 4; lastKnownFileType = sourcecode.c.h; path = WebViewJavascriptBridge_JS.h; sourceTree = "<group>"; };
		343DB124202D77CC0072A854 /* WebViewJavascriptBridgeBase.h */ = {isa = PBXFileReference; fileEncoding = 4; lastKnownFileType = sourcecode.c.h; path = WebViewJavascriptBridgeBase.h; sourceTree = "<group>"; };
		343DB125202D77CC0072A854 /* WebViewJavascriptBridge_JS.m */ = {isa = PBXFileReference; fileEncoding = 4; lastKnownFileType = sourcecode.c.objc; path = WebViewJavascriptBridge_JS.m; sourceTree = "<group>"; };
		343DB126202D77CC0072A854 /* WebViewJavascriptBridge.h */ = {isa = PBXFileReference; fileEncoding = 4; lastKnownFileType = sourcecode.c.h; path = WebViewJavascriptBridge.h; sourceTree = "<group>"; };
		343DB127202D77CC0072A854 /* WKWebViewJavascriptBridge.h */ = {isa = PBXFileReference; fileEncoding = 4; lastKnownFileType = sourcecode.c.h; path = WKWebViewJavascriptBridge.h; sourceTree = "<group>"; };
		343DB129202D77CC0072A854 /* jssdk.js */ = {isa = PBXFileReference; fileEncoding = 4; lastKnownFileType = sourcecode.javascript; path = jssdk.js; sourceTree = "<group>"; };
		343DB12A202D77CC0072A854 /* NewWebViewViewController.swift */ = {isa = PBXFileReference; fileEncoding = 4; lastKnownFileType = sourcecode.swift; path = NewWebViewViewController.swift; sourceTree = "<group>"; };
		343DB12B202D77CC0072A854 /* test.html */ = {isa = PBXFileReference; fileEncoding = 4; lastKnownFileType = text.html; path = test.html; sourceTree = "<group>"; };
		343DB12C202D77CC0072A854 /* style.css */ = {isa = PBXFileReference; fileEncoding = 4; lastKnownFileType = text.css; path = style.css; sourceTree = "<group>"; };
		343DB12D202D77CC0072A854 /* MyWebView.swift */ = {isa = PBXFileReference; fileEncoding = 4; lastKnownFileType = sourcecode.swift; path = MyWebView.swift; sourceTree = "<group>"; };
		343DB12E202D77CC0072A854 /* error.html */ = {isa = PBXFileReference; fileEncoding = 4; lastKnownFileType = text.html; path = error.html; sourceTree = "<group>"; };
		343DB130202D77CC0072A854 /* ScanView.swift */ = {isa = PBXFileReference; fileEncoding = 4; lastKnownFileType = sourcecode.swift; path = ScanView.swift; sourceTree = "<group>"; };
		343DB131202D77CC0072A854 /* ScannerBackgroundView.swift */ = {isa = PBXFileReference; fileEncoding = 4; lastKnownFileType = sourcecode.swift; path = ScannerBackgroundView.swift; sourceTree = "<group>"; };
		343DB132202D77CC0072A854 /* ScannerViewController.swift */ = {isa = PBXFileReference; fileEncoding = 4; lastKnownFileType = sourcecode.swift; path = ScannerViewController.swift; sourceTree = "<group>"; };
		343DB142202D79560072A854 /* BaseViewController.swift */ = {isa = PBXFileReference; fileEncoding = 4; lastKnownFileType = sourcecode.swift; path = BaseViewController.swift; sourceTree = "<group>"; };
		343DB143202D79570072A854 /* BaseWebViewController.swift */ = {isa = PBXFileReference; fileEncoding = 4; lastKnownFileType = sourcecode.swift; path = BaseWebViewController.swift; sourceTree = "<group>"; };
		343DB146202D79A20072A854 /* DefineValue.swift */ = {isa = PBXFileReference; fileEncoding = 4; lastKnownFileType = sourcecode.swift; path = DefineValue.swift; sourceTree = "<group>"; };
		343DB148202D79E20072A854 /* GetCurrentVC.swift */ = {isa = PBXFileReference; fileEncoding = 4; lastKnownFileType = sourcecode.swift; path = GetCurrentVC.swift; sourceTree = "<group>"; };
		343DB14A202D7A050072A854 /* MyHttpsRequest.swift */ = {isa = PBXFileReference; fileEncoding = 4; lastKnownFileType = sourcecode.swift; path = MyHttpsRequest.swift; sourceTree = "<group>"; };
		345855F4202D82B5003E9AFC /* Alamofire.framework */ = {isa = PBXFileReference; explicitFileType = wrapper.framework; path = Alamofire.framework; sourceTree = BUILT_PRODUCTS_DIR; };
		349E32012025975300570E02 /* bridgeHeader.h */ = {isa = PBXFileReference; lastKnownFileType = sourcecode.c.h; path = bridgeHeader.h; sourceTree = "<group>"; };
		34BB92CB2024480E00956A18 /* testDemo.app */ = {isa = PBXFileReference; explicitFileType = wrapper.application; includeInIndex = 0; path = testDemo.app; sourceTree = BUILT_PRODUCTS_DIR; };
		34BB92CE2024480E00956A18 /* AppDelegate.swift */ = {isa = PBXFileReference; lastKnownFileType = sourcecode.swift; path = AppDelegate.swift; sourceTree = "<group>"; };
		34BB92D02024480E00956A18 /* ViewController.swift */ = {isa = PBXFileReference; lastKnownFileType = sourcecode.swift; path = ViewController.swift; sourceTree = "<group>"; };
		34BB92D52024480E00956A18 /* Assets.xcassets */ = {isa = PBXFileReference; lastKnownFileType = folder.assetcatalog; path = Assets.xcassets; sourceTree = "<group>"; };
		34BB92D82024480E00956A18 /* Base */ = {isa = PBXFileReference; lastKnownFileType = file.storyboard; name = Base; path = Base.lproj/LaunchScreen.storyboard; sourceTree = "<group>"; };
		34BB92DA2024480E00956A18 /* Info.plist */ = {isa = PBXFileReference; lastKnownFileType = text.plist.xml; path = Info.plist; sourceTree = "<group>"; };
		34BB92DF2024480E00956A18 /* testDemoTests.xctest */ = {isa = PBXFileReference; explicitFileType = wrapper.cfbundle; includeInIndex = 0; path = testDemoTests.xctest; sourceTree = BUILT_PRODUCTS_DIR; };
		34BB92E32024480E00956A18 /* testDemoTests.swift */ = {isa = PBXFileReference; lastKnownFileType = sourcecode.swift; path = testDemoTests.swift; sourceTree = "<group>"; };
		34BB92E52024480E00956A18 /* Info.plist */ = {isa = PBXFileReference; lastKnownFileType = text.plist.xml; path = Info.plist; sourceTree = "<group>"; };
		34BB92EA2024480E00956A18 /* testDemoUITests.xctest */ = {isa = PBXFileReference; explicitFileType = wrapper.cfbundle; includeInIndex = 0; path = testDemoUITests.xctest; sourceTree = BUILT_PRODUCTS_DIR; };
		34BB92EE2024480F00956A18 /* testDemoUITests.swift */ = {isa = PBXFileReference; lastKnownFileType = sourcecode.swift; path = testDemoUITests.swift; sourceTree = "<group>"; };
		34BB92F02024480F00956A18 /* Info.plist */ = {isa = PBXFileReference; lastKnownFileType = text.plist.xml; path = Info.plist; sourceTree = "<group>"; };
		CF7A657411FE31A87970882F /* Pods-testDemo.debug.xcconfig */ = {isa = PBXFileReference; includeInIndex = 1; lastKnownFileType = text.xcconfig; name = "Pods-testDemo.debug.xcconfig"; path = "Pods/Target Support Files/Pods-testDemo/Pods-testDemo.debug.xcconfig"; sourceTree = "<group>"; };
		DDA581CA01261296B36E54C0 /* Pods_testDemo.framework */ = {isa = PBXFileReference; explicitFileType = wrapper.framework; includeInIndex = 0; path = Pods_testDemo.framework; sourceTree = BUILT_PRODUCTS_DIR; };
		FFDD8DA7669E7F4F8C73232A /* Pods-testDemo.release.xcconfig */ = {isa = PBXFileReference; includeInIndex = 1; lastKnownFileType = text.xcconfig; name = "Pods-testDemo.release.xcconfig"; path = "Pods/Target Support Files/Pods-testDemo/Pods-testDemo.release.xcconfig"; sourceTree = "<group>"; };
/* End PBXFileReference section */

/* Begin PBXFrameworksBuildPhase section */
		34BB92C82024480E00956A18 /* Frameworks */ = {
			isa = PBXFrameworksBuildPhase;
			buildActionMask = 2147483647;
			files = (
				345855F3202D82B5003E9AFC /* Alamofire.framework in Frameworks */,
				A44E6FBA924BC829097DEF8F /* Pods_testDemo.framework in Frameworks */,
			);
			runOnlyForDeploymentPostprocessing = 0;
		};
		34BB92DC2024480E00956A18 /* Frameworks */ = {
			isa = PBXFrameworksBuildPhase;
			buildActionMask = 2147483647;
			files = (
			);
			runOnlyForDeploymentPostprocessing = 0;
		};
		34BB92E72024480E00956A18 /* Frameworks */ = {
			isa = PBXFrameworksBuildPhase;
			buildActionMask = 2147483647;
			files = (
			);
			runOnlyForDeploymentPostprocessing = 0;
		};
/* End PBXFrameworksBuildPhase section */

/* Begin PBXGroup section */
		3107A62136637AA9FA0A6486 /* Frameworks */ = {
			isa = PBXGroup;
			children = (
				345855F4202D82B5003E9AFC /* Alamofire.framework */,
				DDA581CA01261296B36E54C0 /* Pods_testDemo.framework */,
			);
			name = Frameworks;
			sourceTree = "<group>";
		};
		343DB11C202D77CC0072A854 /* webView */ = {
			isa = PBXGroup;
			children = (
				345855F2202D8227003E9AFC /* js */,
				343DB12D202D77CC0072A854 /* MyWebView.swift */,
				343DB12A202D77CC0072A854 /* NewWebViewViewController.swift */,
			);
			path = webView;
			sourceTree = "<group>";
		};
		343DB11D202D77CC0072A854 /* WebViewJavascriptBridge */ = {
			isa = PBXGroup;
			children = (
				343DB11F202D77CC0072A854 /* WebViewJavascriptBridge */,
			);
			path = WebViewJavascriptBridge;
			sourceTree = "<group>";
		};
		343DB11F202D77CC0072A854 /* WebViewJavascriptBridge */ = {
			isa = PBXGroup;
			children = (
				343DB120202D77CC0072A854 /* WebViewJavascriptBridgeBase.m */,
				343DB121202D77CC0072A854 /* WKWebViewJavascriptBridge.m */,
				343DB122202D77CC0072A854 /* WebViewJavascriptBridge.m */,
				343DB123202D77CC0072A854 /* WebViewJavascriptBridge_JS.h */,
				343DB124202D77CC0072A854 /* WebViewJavascriptBridgeBase.h */,
				343DB125202D77CC0072A854 /* WebViewJavascriptBridge_JS.m */,
				343DB126202D77CC0072A854 /* WebViewJavascriptBridge.h */,
				343DB127202D77CC0072A854 /* WKWebViewJavascriptBridge.h */,
			);
			path = WebViewJavascriptBridge;
			sourceTree = "<group>";
		};
		343DB12F202D77CC0072A854 /* sweep */ = {
			isa = PBXGroup;
			children = (
				343DB130202D77CC0072A854 /* ScanView.swift */,
				343DB131202D77CC0072A854 /* ScannerBackgroundView.swift */,
				343DB132202D77CC0072A854 /* ScannerViewController.swift */,
			);
			path = sweep;
			sourceTree = "<group>";
		};
		343DB14C202D7AFD0072A854 /* Tools */ = {
			isa = PBXGroup;
			children = (
				343DB11D202D77CC0072A854 /* WebViewJavascriptBridge */,
				343DB14A202D7A050072A854 /* MyHttpsRequest.swift */,
				343DB148202D79E20072A854 /* GetCurrentVC.swift */,
				343DB146202D79A20072A854 /* DefineValue.swift */,
			);
			path = Tools;
			sourceTree = "<group>";
		};
		345855F2202D8227003E9AFC /* js */ = {
			isa = PBXGroup;
			children = (
				343DB129202D77CC0072A854 /* jssdk.js */,
				343DB12B202D77CC0072A854 /* test.html */,
				343DB12C202D77CC0072A854 /* style.css */,
				343DB12E202D77CC0072A854 /* error.html */,
			);
			path = js;
			sourceTree = "<group>";
		};
		34BB92C22024480E00956A18 = {
			isa = PBXGroup;
			children = (
				34BB92CD2024480E00956A18 /* testDemo */,
				34BB92E22024480E00956A18 /* testDemoTests */,
				34BB92ED2024480E00956A18 /* testDemoUITests */,
				34BB92CC2024480E00956A18 /* Products */,
				F06D083FEAD46AF25DAE0098 /* Pods */,
				3107A62136637AA9FA0A6486 /* Frameworks */,
			);
			sourceTree = "<group>";
		};
		34BB92CC2024480E00956A18 /* Products */ = {
			isa = PBXGroup;
			children = (
				34BB92CB2024480E00956A18 /* testDemo.app */,
				34BB92DF2024480E00956A18 /* testDemoTests.xctest */,
				34BB92EA2024480E00956A18 /* testDemoUITests.xctest */,
			);
			name = Products;
			sourceTree = "<group>";
		};
		34BB92CD2024480E00956A18 /* testDemo */ = {
			isa = PBXGroup;
			children = (
				343DB14C202D7AFD0072A854 /* Tools */,
				343DB142202D79560072A854 /* BaseViewController.swift */,
				343DB143202D79570072A854 /* BaseWebViewController.swift */,
				343DB12F202D77CC0072A854 /* sweep */,
				343DB11C202D77CC0072A854 /* webView */,
				34BB92CE2024480E00956A18 /* AppDelegate.swift */,
				34BB92D02024480E00956A18 /* ViewController.swift */,
				34BB92D52024480E00956A18 /* Assets.xcassets */,
				34BB92D72024480E00956A18 /* LaunchScreen.storyboard */,
				34BB92DA2024480E00956A18 /* Info.plist */,
				349E32012025975300570E02 /* bridgeHeader.h */,
			);
			path = testDemo;
			sourceTree = "<group>";
		};
		34BB92E22024480E00956A18 /* testDemoTests */ = {
			isa = PBXGroup;
			children = (
				34BB92E32024480E00956A18 /* testDemoTests.swift */,
				34BB92E52024480E00956A18 /* Info.plist */,
			);
			path = testDemoTests;
			sourceTree = "<group>";
		};
		34BB92ED2024480E00956A18 /* testDemoUITests */ = {
			isa = PBXGroup;
			children = (
				34BB92EE2024480F00956A18 /* testDemoUITests.swift */,
				34BB92F02024480F00956A18 /* Info.plist */,
			);
			path = testDemoUITests;
			sourceTree = "<group>";
		};
		F06D083FEAD46AF25DAE0098 /* Pods */ = {
			isa = PBXGroup;
			children = (
				CF7A657411FE31A87970882F /* Pods-testDemo.debug.xcconfig */,
				FFDD8DA7669E7F4F8C73232A /* Pods-testDemo.release.xcconfig */,
			);
			name = Pods;
			sourceTree = "<group>";
		};
/* End PBXGroup section */

/* Begin PBXNativeTarget section */
		34BB92CA2024480E00956A18 /* testDemo */ = {
			isa = PBXNativeTarget;
			buildConfigurationList = 34BB92F32024480F00956A18 /* Build configuration list for PBXNativeTarget "testDemo" */;
			buildPhases = (
				E367F5DF259FAEFD0F10A3EA /* [CP] Check Pods Manifest.lock */,
				34BB92C72024480E00956A18 /* Sources */,
				34BB92C82024480E00956A18 /* Frameworks */,
				34BB92C92024480E00956A18 /* Resources */,
				6FBCB924CA7B8F484BB65E5F /* [CP] Embed Pods Frameworks */,
				BC0AC22CD3C61DF843F7698D /* [CP] Copy Pods Resources */,
			);
			buildRules = (
			);
			dependencies = (
			);
			name = testDemo;
			productName = testDemo;
			productReference = 34BB92CB2024480E00956A18 /* testDemo.app */;
			productType = "com.apple.product-type.application";
		};
		34BB92DE2024480E00956A18 /* testDemoTests */ = {
			isa = PBXNativeTarget;
			buildConfigurationList = 34BB92F62024480F00956A18 /* Build configuration list for PBXNativeTarget "testDemoTests" */;
			buildPhases = (
				34BB92DB2024480E00956A18 /* Sources */,
				34BB92DC2024480E00956A18 /* Frameworks */,
				34BB92DD2024480E00956A18 /* Resources */,
			);
			buildRules = (
			);
			dependencies = (
				34BB92E12024480E00956A18 /* PBXTargetDependency */,
			);
			name = testDemoTests;
			productName = testDemoTests;
			productReference = 34BB92DF2024480E00956A18 /* testDemoTests.xctest */;
			productType = "com.apple.product-type.bundle.unit-test";
		};
		34BB92E92024480E00956A18 /* testDemoUITests */ = {
			isa = PBXNativeTarget;
			buildConfigurationList = 34BB92F92024480F00956A18 /* Build configuration list for PBXNativeTarget "testDemoUITests" */;
			buildPhases = (
				34BB92E62024480E00956A18 /* Sources */,
				34BB92E72024480E00956A18 /* Frameworks */,
				34BB92E82024480E00956A18 /* Resources */,
			);
			buildRules = (
			);
			dependencies = (
				34BB92EC2024480E00956A18 /* PBXTargetDependency */,
			);
			name = testDemoUITests;
			productName = testDemoUITests;
			productReference = 34BB92EA2024480E00956A18 /* testDemoUITests.xctest */;
			productType = "com.apple.product-type.bundle.ui-testing";
		};
/* End PBXNativeTarget section */

/* Begin PBXProject section */
		34BB92C32024480E00956A18 /* Project object */ = {
			isa = PBXProject;
			attributes = {
				LastSwiftUpdateCheck = 0920;
				LastUpgradeCheck = 0920;
				ORGANIZATIONNAME = "高诚";
				TargetAttributes = {
					34BB92CA2024480E00956A18 = {
						CreatedOnToolsVersion = 9.2;
						ProvisioningStyle = Automatic;
					};
					34BB92DE2024480E00956A18 = {
						CreatedOnToolsVersion = 9.2;
						ProvisioningStyle = Automatic;
						TestTargetID = 34BB92CA2024480E00956A18;
					};
					34BB92E92024480E00956A18 = {
						CreatedOnToolsVersion = 9.2;
						ProvisioningStyle = Automatic;
						TestTargetID = 34BB92CA2024480E00956A18;
					};
				};
			};
			buildConfigurationList = 34BB92C62024480E00956A18 /* Build configuration list for PBXProject "testDemo" */;
			compatibilityVersion = "Xcode 8.0";
			developmentRegion = en;
			hasScannedForEncodings = 0;
			knownRegions = (
				en,
				Base,
			);
			mainGroup = 34BB92C22024480E00956A18;
			productRefGroup = 34BB92CC2024480E00956A18 /* Products */;
			projectDirPath = "";
			projectRoot = "";
			targets = (
				34BB92CA2024480E00956A18 /* testDemo */,
				34BB92DE2024480E00956A18 /* testDemoTests */,
				34BB92E92024480E00956A18 /* testDemoUITests */,
			);
		};
/* End PBXProject section */

/* Begin PBXResourcesBuildPhase section */
		34BB92C92024480E00956A18 /* Resources */ = {
			isa = PBXResourcesBuildPhase;
			buildActionMask = 2147483647;
			files = (
				343DB13B202D77CC0072A854 /* test.html in Resources */,
				343DB13C202D77CC0072A854 /* style.css in Resources */,
				34BB92D92024480E00956A18 /* LaunchScreen.storyboard in Resources */,
				343DB13E202D77CC0072A854 /* error.html in Resources */,
				34BB92D62024480E00956A18 /* Assets.xcassets in Resources */,
				343DB139202D77CC0072A854 /* jssdk.js in Resources */,
			);
			runOnlyForDeploymentPostprocessing = 0;
		};
		34BB92DD2024480E00956A18 /* Resources */ = {
			isa = PBXResourcesBuildPhase;
			buildActionMask = 2147483647;
			files = (
			);
			runOnlyForDeploymentPostprocessing = 0;
		};
		34BB92E82024480E00956A18 /* Resources */ = {
			isa = PBXResourcesBuildPhase;
			buildActionMask = 2147483647;
			files = (
			);
			runOnlyForDeploymentPostprocessing = 0;
		};
/* End PBXResourcesBuildPhase section */

/* Begin PBXShellScriptBuildPhase section */
		6FBCB924CA7B8F484BB65E5F /* [CP] Embed Pods Frameworks */ = {
			isa = PBXShellScriptBuildPhase;
			buildActionMask = 2147483647;
			files = (
			);
			inputPaths = (
				"${SRCROOT}/Pods/Target Support Files/Pods-testDemo/Pods-testDemo-frameworks.sh",
				"${BUILT_PRODUCTS_DIR}/Alamofire/Alamofire.framework",
				"${BUILT_PRODUCTS_DIR}/MJRefresh/MJRefresh.framework",
				"${BUILT_PRODUCTS_DIR}/SnapKit/SnapKit.framework",
			);
			name = "[CP] Embed Pods Frameworks";
			outputPaths = (
				"${TARGET_BUILD_DIR}/${FRAMEWORKS_FOLDER_PATH}/Alamofire.framework",
				"${TARGET_BUILD_DIR}/${FRAMEWORKS_FOLDER_PATH}/MJRefresh.framework",
				"${TARGET_BUILD_DIR}/${FRAMEWORKS_FOLDER_PATH}/SnapKit.framework",
			);
			runOnlyForDeploymentPostprocessing = 0;
			shellPath = /bin/sh;
			shellScript = "\"${SRCROOT}/Pods/Target Support Files/Pods-testDemo/Pods-testDemo-frameworks.sh\"\n";
			showEnvVarsInLog = 0;
		};
		BC0AC22CD3C61DF843F7698D /* [CP] Copy Pods Resources */ = {
			isa = PBXShellScriptBuildPhase;
			buildActionMask = 2147483647;
			files = (
			);
			inputPaths = (
			);
			name = "[CP] Copy Pods Resources";
			outputPaths = (
			);
			runOnlyForDeploymentPostprocessing = 0;
			shellPath = /bin/sh;
			shellScript = "\"${SRCROOT}/Pods/Target Support Files/Pods-testDemo/Pods-testDemo-resources.sh\"\n";
			showEnvVarsInLog = 0;
		};
		E367F5DF259FAEFD0F10A3EA /* [CP] Check Pods Manifest.lock */ = {
			isa = PBXShellScriptBuildPhase;
			buildActionMask = 2147483647;
			files = (
			);
			inputPaths = (
				"${PODS_PODFILE_DIR_PATH}/Podfile.lock",
				"${PODS_ROOT}/Manifest.lock",
			);
			name = "[CP] Check Pods Manifest.lock";
			outputPaths = (
				"$(DERIVED_FILE_DIR)/Pods-testDemo-checkManifestLockResult.txt",
			);
			runOnlyForDeploymentPostprocessing = 0;
			shellPath = /bin/sh;
			shellScript = "diff \"${PODS_PODFILE_DIR_PATH}/Podfile.lock\" \"${PODS_ROOT}/Manifest.lock\" > /dev/null\nif [ $? != 0 ] ; then\n    # print error to STDERR\n    echo \"error: The sandbox is not in sync with the Podfile.lock. Run 'pod install' or update your CocoaPods installation.\" >&2\n    exit 1\nfi\n# This output is used by Xcode 'outputs' to avoid re-running this script phase.\necho \"SUCCESS\" > \"${SCRIPT_OUTPUT_FILE_0}\"\n";
			showEnvVarsInLog = 0;
		};
/* End PBXShellScriptBuildPhase section */

/* Begin PBXSourcesBuildPhase section */
		34BB92C72024480E00956A18 /* Sources */ = {
			isa = PBXSourcesBuildPhase;
			buildActionMask = 2147483647;
			files = (
				343DB147202D79A20072A854 /* DefineValue.swift in Sources */,
				343DB14B202D7A060072A854 /* MyHttpsRequest.swift in Sources */,
				34BB92D12024480E00956A18 /* ViewController.swift in Sources */,
				343DB13D202D77CC0072A854 /* MyWebView.swift in Sources */,
				343DB135202D77CC0072A854 /* WKWebViewJavascriptBridge.m in Sources */,
				343DB13A202D77CC0072A854 /* NewWebViewViewController.swift in Sources */,
				343DB137202D77CC0072A854 /* WebViewJavascriptBridge_JS.m in Sources */,
				343DB145202D79570072A854 /* BaseWebViewController.swift in Sources */,
				343DB144202D79570072A854 /* BaseViewController.swift in Sources */,
				343DB140202D77CC0072A854 /* ScannerBackgroundView.swift in Sources */,
				343DB13F202D77CC0072A854 /* ScanView.swift in Sources */,
				343DB134202D77CC0072A854 /* WebViewJavascriptBridgeBase.m in Sources */,
				34BB92CF2024480E00956A18 /* AppDelegate.swift in Sources */,
				343DB136202D77CC0072A854 /* WebViewJavascriptBridge.m in Sources */,
				343DB149202D79E20072A854 /* GetCurrentVC.swift in Sources */,
				343DB141202D77CC0072A854 /* ScannerViewController.swift in Sources */,
			);
			runOnlyForDeploymentPostprocessing = 0;
		};
		34BB92DB2024480E00956A18 /* Sources */ = {
			isa = PBXSourcesBuildPhase;
			buildActionMask = 2147483647;
			files = (
				34BB92E42024480E00956A18 /* testDemoTests.swift in Sources */,
			);
			runOnlyForDeploymentPostprocessing = 0;
		};
		34BB92E62024480E00956A18 /* Sources */ = {
			isa = PBXSourcesBuildPhase;
			buildActionMask = 2147483647;
			files = (
				34BB92EF2024480F00956A18 /* testDemoUITests.swift in Sources */,
			);
			runOnlyForDeploymentPostprocessing = 0;
		};
/* End PBXSourcesBuildPhase section */

/* Begin PBXTargetDependency section */
		34BB92E12024480E00956A18 /* PBXTargetDependency */ = {
			isa = PBXTargetDependency;
			target = 34BB92CA2024480E00956A18 /* testDemo */;
			targetProxy = 34BB92E02024480E00956A18 /* PBXContainerItemProxy */;
		};
		34BB92EC2024480E00956A18 /* PBXTargetDependency */ = {
			isa = PBXTargetDependency;
			target = 34BB92CA2024480E00956A18 /* testDemo */;
			targetProxy = 34BB92EB2024480E00956A18 /* PBXContainerItemProxy */;
		};
/* End PBXTargetDependency section */

/* Begin PBXVariantGroup section */
		34BB92D72024480E00956A18 /* LaunchScreen.storyboard */ = {
			isa = PBXVariantGroup;
			children = (
				34BB92D82024480E00956A18 /* Base */,
			);
			name = LaunchScreen.storyboard;
			sourceTree = "<group>";
		};
/* End PBXVariantGroup section */

/* Begin XCBuildConfiguration section */
		34BB92F12024480F00956A18 /* Debug */ = {
			isa = XCBuildConfiguration;
			buildSettings = {
				ALWAYS_SEARCH_USER_PATHS = NO;
				CLANG_ANALYZER_NONNULL = YES;
				CLANG_ANALYZER_NUMBER_OBJECT_CONVERSION = YES_AGGRESSIVE;
				CLANG_CXX_LANGUAGE_STANDARD = "gnu++14";
				CLANG_CXX_LIBRARY = "libc++";
				CLANG_ENABLE_MODULES = YES;
				CLANG_ENABLE_OBJC_ARC = YES;
				CLANG_WARN_BLOCK_CAPTURE_AUTORELEASING = YES;
				CLANG_WARN_BOOL_CONVERSION = YES;
				CLANG_WARN_COMMA = YES;
				CLANG_WARN_CONSTANT_CONVERSION = YES;
				CLANG_WARN_DIRECT_OBJC_ISA_USAGE = YES_ERROR;
				CLANG_WARN_DOCUMENTATION_COMMENTS = YES;
				CLANG_WARN_EMPTY_BODY = YES;
				CLANG_WARN_ENUM_CONVERSION = YES;
				CLANG_WARN_INFINITE_RECURSION = YES;
				CLANG_WARN_INT_CONVERSION = YES;
				CLANG_WARN_NON_LITERAL_NULL_CONVERSION = YES;
				CLANG_WARN_OBJC_LITERAL_CONVERSION = YES;
				CLANG_WARN_OBJC_ROOT_CLASS = YES_ERROR;
				CLANG_WARN_RANGE_LOOP_ANALYSIS = YES;
				CLANG_WARN_STRICT_PROTOTYPES = YES;
				CLANG_WARN_SUSPICIOUS_MOVE = YES;
				CLANG_WARN_UNGUARDED_AVAILABILITY = YES_AGGRESSIVE;
				CLANG_WARN_UNREACHABLE_CODE = YES;
				CLANG_WARN__DUPLICATE_METHOD_MATCH = YES;
				CODE_SIGN_IDENTITY = "iPhone Developer";
				COPY_PHASE_STRIP = NO;
				DEBUG_INFORMATION_FORMAT = dwarf;
				ENABLE_STRICT_OBJC_MSGSEND = YES;
				ENABLE_TESTABILITY = YES;
				GCC_C_LANGUAGE_STANDARD = gnu11;
				GCC_DYNAMIC_NO_PIC = NO;
				GCC_NO_COMMON_BLOCKS = YES;
				GCC_OPTIMIZATION_LEVEL = 0;
				GCC_PREPROCESSOR_DEFINITIONS = (
					"DEBUG=1",
					"$(inherited)",
				);
				GCC_WARN_64_TO_32_BIT_CONVERSION = YES;
				GCC_WARN_ABOUT_RETURN_TYPE = YES_ERROR;
				GCC_WARN_UNDECLARED_SELECTOR = YES;
				GCC_WARN_UNINITIALIZED_AUTOS = YES_AGGRESSIVE;
				GCC_WARN_UNUSED_FUNCTION = YES;
				GCC_WARN_UNUSED_VARIABLE = YES;
				IPHONEOS_DEPLOYMENT_TARGET = 11.2;
				MTL_ENABLE_DEBUG_INFO = YES;
				ONLY_ACTIVE_ARCH = YES;
				SDKROOT = iphoneos;
				SWIFT_ACTIVE_COMPILATION_CONDITIONS = DEBUG;
				SWIFT_OPTIMIZATION_LEVEL = "-Onone";
			};
			name = Debug;
		};
		34BB92F22024480F00956A18 /* Release */ = {
			isa = XCBuildConfiguration;
			buildSettings = {
				ALWAYS_SEARCH_USER_PATHS = NO;
				CLANG_ANALYZER_NONNULL = YES;
				CLANG_ANALYZER_NUMBER_OBJECT_CONVERSION = YES_AGGRESSIVE;
				CLANG_CXX_LANGUAGE_STANDARD = "gnu++14";
				CLANG_CXX_LIBRARY = "libc++";
				CLANG_ENABLE_MODULES = YES;
				CLANG_ENABLE_OBJC_ARC = YES;
				CLANG_WARN_BLOCK_CAPTURE_AUTORELEASING = YES;
				CLANG_WARN_BOOL_CONVERSION = YES;
				CLANG_WARN_COMMA = YES;
				CLANG_WARN_CONSTANT_CONVERSION = YES;
				CLANG_WARN_DIRECT_OBJC_ISA_USAGE = YES_ERROR;
				CLANG_WARN_DOCUMENTATION_COMMENTS = YES;
				CLANG_WARN_EMPTY_BODY = YES;
				CLANG_WARN_ENUM_CONVERSION = YES;
				CLANG_WARN_INFINITE_RECURSION = YES;
				CLANG_WARN_INT_CONVERSION = YES;
				CLANG_WARN_NON_LITERAL_NULL_CONVERSION = YES;
				CLANG_WARN_OBJC_LITERAL_CONVERSION = YES;
				CLANG_WARN_OBJC_ROOT_CLASS = YES_ERROR;
				CLANG_WARN_RANGE_LOOP_ANALYSIS = YES;
				CLANG_WARN_STRICT_PROTOTYPES = YES;
				CLANG_WARN_SUSPICIOUS_MOVE = YES;
				CLANG_WARN_UNGUARDED_AVAILABILITY = YES_AGGRESSIVE;
				CLANG_WARN_UNREACHABLE_CODE = YES;
				CLANG_WARN__DUPLICATE_METHOD_MATCH = YES;
				CODE_SIGN_IDENTITY = "iPhone Developer";
				COPY_PHASE_STRIP = NO;
				DEBUG_INFORMATION_FORMAT = "dwarf-with-dsym";
				ENABLE_NS_ASSERTIONS = NO;
				ENABLE_STRICT_OBJC_MSGSEND = YES;
				GCC_C_LANGUAGE_STANDARD = gnu11;
				GCC_NO_COMMON_BLOCKS = YES;
				GCC_WARN_64_TO_32_BIT_CONVERSION = YES;
				GCC_WARN_ABOUT_RETURN_TYPE = YES_ERROR;
				GCC_WARN_UNDECLARED_SELECTOR = YES;
				GCC_WARN_UNINITIALIZED_AUTOS = YES_AGGRESSIVE;
				GCC_WARN_UNUSED_FUNCTION = YES;
				GCC_WARN_UNUSED_VARIABLE = YES;
				IPHONEOS_DEPLOYMENT_TARGET = 11.2;
				MTL_ENABLE_DEBUG_INFO = NO;
				SDKROOT = iphoneos;
				SWIFT_OPTIMIZATION_LEVEL = "-Owholemodule";
				VALIDATE_PRODUCT = YES;
			};
			name = Release;
		};
		34BB92F42024480F00956A18 /* Debug */ = {
			isa = XCBuildConfiguration;
			baseConfigurationReference = CF7A657411FE31A87970882F /* Pods-testDemo.debug.xcconfig */;
			buildSettings = {
				ASSETCATALOG_COMPILER_APPICON_NAME = AppIcon;
				"CODE_SIGN_IDENTITY[sdk=iphoneos*]" = "iPhone Developer";
				CODE_SIGN_STYLE = Automatic;
				DEVELOPMENT_TEAM = X9MVNG7DLK;
				INFOPLIST_FILE = testDemo/Info.plist;
				IPHONEOS_DEPLOYMENT_TARGET = 9.0;
				LD_RUNPATH_SEARCH_PATHS = "$(inherited) @executable_path/Frameworks";
				PRODUCT_BUNDLE_IDENTIFIER = com.cn.yuyue.demo;
				PRODUCT_NAME = "$(TARGET_NAME)";
				PROVISIONING_PROFILE_SPECIFIER = "";
				SWIFT_OBJC_BRIDGING_HEADER = "/Users/gaocheng/Desktop/测试代码/js与swift交互/testDemo/bridgeHeader.h";
				SWIFT_VERSION = 4.0;
				TARGETED_DEVICE_FAMILY = "1,2";
				USER_HEADER_SEARCH_PATHS = "${SRCROOT}/**";
			};
			name = Debug;
		};
		34BB92F52024480F00956A18 /* Release */ = {
			isa = XCBuildConfiguration;
			baseConfigurationReference = FFDD8DA7669E7F4F8C73232A /* Pods-testDemo.release.xcconfig */;
			buildSettings = {
				ASSETCATALOG_COMPILER_APPICON_NAME = AppIcon;
				"CODE_SIGN_IDENTITY[sdk=iphoneos*]" = "iPhone Developer";
				CODE_SIGN_STYLE = Automatic;
				DEVELOPMENT_TEAM = X9MVNG7DLK;
				INFOPLIST_FILE = testDemo/Info.plist;
				IPHONEOS_DEPLOYMENT_TARGET = 9.0;
				LD_RUNPATH_SEARCH_PATHS = "$(inherited) @executable_path/Frameworks";
				PRODUCT_BUNDLE_IDENTIFIER = com.cn.yuyue.demo;
				PRODUCT_NAME = "$(TARGET_NAME)";
				PROVISIONING_PROFILE_SPECIFIER = "";
				SWIFT_OBJC_BRIDGING_HEADER = "/Users/gaocheng/Desktop/测试代码/js与swift交互/testDemo/bridgeHeader.h";
				SWIFT_VERSION = 4.0;
				TARGETED_DEVICE_FAMILY = "1,2";
				USER_HEADER_SEARCH_PATHS = "${SRCROOT}/**";
			};
			name = Release;
		};
		34BB92F72024480F00956A18 /* Debug */ = {
			isa = XCBuildConfiguration;
			buildSettings = {
				ALWAYS_EMBED_SWIFT_STANDARD_LIBRARIES = YES;
				BUNDLE_LOADER = "$(TEST_HOST)";
				CODE_SIGN_STYLE = Automatic;
				INFOPLIST_FILE = testDemoTests/Info.plist;
				LD_RUNPATH_SEARCH_PATHS = "$(inherited) @executable_path/Frameworks @loader_path/Frameworks";
				PRODUCT_BUNDLE_IDENTIFIER = com.cn.yuyue.etens.testDemoTests;
				PRODUCT_NAME = "$(TARGET_NAME)";
				SWIFT_VERSION = 4.0;
				TARGETED_DEVICE_FAMILY = "1,2";
				TEST_HOST = "$(BUILT_PRODUCTS_DIR)/testDemo.app/testDemo";
			};
			name = Debug;
		};
		34BB92F82024480F00956A18 /* Release */ = {
			isa = XCBuildConfiguration;
			buildSettings = {
				ALWAYS_EMBED_SWIFT_STANDARD_LIBRARIES = YES;
				BUNDLE_LOADER = "$(TEST_HOST)";
				CODE_SIGN_STYLE = Automatic;
				INFOPLIST_FILE = testDemoTests/Info.plist;
				LD_RUNPATH_SEARCH_PATHS = "$(inherited) @executable_path/Frameworks @loader_path/Frameworks";
				PRODUCT_BUNDLE_IDENTIFIER = com.cn.yuyue.etens.testDemoTests;
				PRODUCT_NAME = "$(TARGET_NAME)";
				SWIFT_VERSION = 4.0;
				TARGETED_DEVICE_FAMILY = "1,2";
				TEST_HOST = "$(BUILT_PRODUCTS_DIR)/testDemo.app/testDemo";
			};
			name = Release;
		};
		34BB92FA2024480F00956A18 /* Debug */ = {
			isa = XCBuildConfiguration;
			buildSettings = {
				ALWAYS_EMBED_SWIFT_STANDARD_LIBRARIES = YES;
				CODE_SIGN_STYLE = Automatic;
				INFOPLIST_FILE = testDemoUITests/Info.plist;
				LD_RUNPATH_SEARCH_PATHS = "$(inherited) @executable_path/Frameworks @loader_path/Frameworks";
				PRODUCT_BUNDLE_IDENTIFIER = com.cn.yuyue.etens.testDemoUITests;
				PRODUCT_NAME = "$(TARGET_NAME)";
				SWIFT_VERSION = 4.0;
				TARGETED_DEVICE_FAMILY = "1,2";
				TEST_TARGET_NAME = testDemo;
			};
			name = Debug;
		};
		34BB92FB2024480F00956A18 /* Release */ = {
			isa = XCBuildConfiguration;
			buildSettings = {
				ALWAYS_EMBED_SWIFT_STANDARD_LIBRARIES = YES;
				CODE_SIGN_STYLE = Automatic;
				INFOPLIST_FILE = testDemoUITests/Info.plist;
				LD_RUNPATH_SEARCH_PATHS = "$(inherited) @executable_path/Frameworks @loader_path/Frameworks";
				PRODUCT_BUNDLE_IDENTIFIER = com.cn.yuyue.etens.testDemoUITests;
				PRODUCT_NAME = "$(TARGET_NAME)";
				SWIFT_VERSION = 4.0;
				TARGETED_DEVICE_FAMILY = "1,2";
				TEST_TARGET_NAME = testDemo;
			};
			name = Release;
		};
/* End XCBuildConfiguration section */

/* Begin XCConfigurationList section */
		34BB92C62024480E00956A18 /* Build configuration list for PBXProject "testDemo" */ = {
			isa = XCConfigurationList;
			buildConfigurations = (
				34BB92F12024480F00956A18 /* Debug */,
				34BB92F22024480F00956A18 /* Release */,
			);
			defaultConfigurationIsVisible = 0;
			defaultConfigurationName = Release;
		};
		34BB92F32024480F00956A18 /* Build configuration list for PBXNativeTarget "testDemo" */ = {
			isa = XCConfigurationList;
			buildConfigurations = (
				34BB92F42024480F00956A18 /* Debug */,
				34BB92F52024480F00956A18 /* Release */,
			);
			defaultConfigurationIsVisible = 0;
			defaultConfigurationName = Release;
		};
		34BB92F62024480F00956A18 /* Build configuration list for PBXNativeTarget "testDemoTests" */ = {
			isa = XCConfigurationList;
			buildConfigurations = (
				34BB92F72024480F00956A18 /* Debug */,
				34BB92F82024480F00956A18 /* Release */,
			);
			defaultConfigurationIsVisible = 0;
			defaultConfigurationName = Release;
		};
		34BB92F92024480F00956A18 /* Build configuration list for PBXNativeTarget "testDemoUITests" */ = {
			isa = XCConfigurationList;
			buildConfigurations = (
				34BB92FA2024480F00956A18 /* Debug */,
				34BB92FB2024480F00956A18 /* Release */,
			);
			defaultConfigurationIsVisible = 0;
			defaultConfigurationName = Release;
		};
/* End XCConfigurationList section */
	};
	rootObject = 34BB92C32024480E00956A18 /* Project object */;
}
